
Microsoft Visual Studio Solution File, Format Version 12.00
# Visual Studio Version 16
VisualStudioVersion = 16.0.30907.101
MinimumVisualStudioVersion = 10.0.40219.1
Project("{9A19103F-16F7-4668-BE54-9A1E7A4F7556}") = "CovidCases.Data", "CovidCases.Data\CovidCases.Data.csproj", "{44F3984B-9288-4C58-95C7-5643C10BF3D1}"
EndProject
Project("{FAE04EC0-301F-11D3-BF4B-00C04F79EFBC}") = "CovidCases.Service", "CovidCases.Service\CovidCases.Service.csproj", "{CA73CA5C-325A-481F-BEFA-3F53EACB0C4F}"
EndProject
Project("{FAE04EC0-301F-11D3-BF4B-00C04F79EFBC}") = "CovidCases.Contract", "CovidCases.Contract\CovidCases.Contract.csproj", "{7D184CC0-6682-4641-BC9A-DDBD9C6CCDCF}"
EndProject
Project("{FAE04EC0-301F-11D3-BF4B-00C04F79EFBC}") = "CovidCases.API", "CovidCases.API\CovidCases.API.csproj", "{A58845DB-0ED4-40EF-A4E5-7C98853F074C}"
EndProject
Global
	GlobalSection(SolutionConfigurationPlatforms) = preSolution
		Debug|Any CPU = Debug|Any CPU
		Release|Any CPU = Release|Any CPU
	EndGlobalSection
	GlobalSection(ProjectConfigurationPlatforms) = postSolution
		{44F3984B-9288-4C58-95C7-5643C10BF3D1}.Debug|Any CPU.ActiveCfg = Debug|Any CPU
		{44F3984B-9288-4C58-95C7-5643C10BF3D1}.Debug|Any CPU.Build.0 = Debug|Any CPU
		{44F3984B-9288-4C58-95C7-5643C10BF3D1}.Release|Any CPU.ActiveCfg = Release|Any CPU
		{44F3984B-9288-4C58-95C7-5643C10BF3D1}.Release|Any CPU.Build.0 = Release|Any CPU
		{CA73CA5C-325A-481F-BEFA-3F53EACB0C4F}.Debug|Any CPU.ActiveCfg = Debug|Any CPU
		{CA73CA5C-325A-481F-BEFA-3F53EACB0C4F}.Debug|Any CPU.Build.0 = Debug|Any CPU
		{CA73CA5C-325A-481F-BEFA-3F53EACB0C4F}.Release|Any CPU.ActiveCfg = Release|Any CPU
		{CA73CA5C-325A-481F-BEFA-3F53EACB0C4F}.Release|Any CPU.Build.0 = Release|Any CPU
		{7D184CC0-6682-4641-BC9A-DDBD9C6CCDCF}.Debug|Any CPU.ActiveCfg = Debug|Any CPU
		{7D184CC0-6682-4641-BC9A-DDBD9C6CCDCF}.Debug|Any CPU.Build.0 = Debug|Any CPU
		{7D184CC0-6682-4641-BC9A-DDBD9C6CCDCF}.Release|Any CPU.ActiveCfg = Release|Any CPU
		{7D184CC0-6682-4641-BC9A-DDBD9C6CCDCF}.Release|Any CPU.Build.0 = Release|Any CPU
		{A58845DB-0ED4-40EF-A4E5-7C98853F074C}.Debug|Any CPU.ActiveCfg = Debug|Any CPU
		{A58845DB-0ED4-40EF-A4E5-7C98853F074C}.Debug|Any CPU.Build.0 = Debug|Any CPU
		{A58845DB-0ED4-40EF-A4E5-7C98853F074C}.Release|Any CPU.ActiveCfg = Release|Any CPU
		{A58845DB-0ED4-40EF-A4E5-7C98853F074C}.Release|Any CPU.Build.0 = Release|Any CPU
	EndGlobalSection
	GlobalSection(SolutionProperties) = preSolution
		HideSolutionNode = FALSE
	EndGlobalSection
	GlobalSection(ExtensibilityGlobals) = postSolution
		SolutionGuid = {96FB82A9-AA53-4875-8457-4AB23AF20FA4}
	EndGlobalSection
EndGlobal
